github.com/no-src/fserver v0.0.3 h1:jbanakX7Gigy9SveUaqbaSskybvCF2a+2lHdf4Mzuc0=
github.com/no-src/fserver v0.0.3/go.mod h1:UFilCUVjvC7aD7EnDPee6vqnNodZmhgiAsFM1vYPuGo=
github.com/no-src/log v0.3.1 h1:HvozFJQwRicaCThaRztVNOACR01jMiK8Upn4eU7lyps=
github.com/no-src/log v0.3.1/go.mod h1:AG2AiKsnJpZQHmJ24waj6Bi0xHaBEPXiFl1yYpHzLJQ=
